
Microsoft Visual Studio Solution File, Format Version 12.00
# Visual Studio Version 17
VisualStudioVersion = 17.0.32014.148
MinimumVisualStudioVersion = 10.0.40219.1
Project("{9A19103F-16F7-4668-BE54-9A1E7A4F7556}") = "Lab2", "Lab1\Lab2.csproj", "{4BF4FCE9-8C08-41D8-BE51-9F03F107D834}"
EndProject
Project("{9A19103F-16F7-4668-BE54-9A1E7A4F7556}") = "PersonModelProject", "PersonModelProject\PersonModelProject.csproj", "{F77BF836-7630-4DC4-9AEB-41C37A3E4ED8}"
EndProject
Global
	GlobalSection(SolutionConfigurationPlatforms) = preSolution
		Debug|Any CPU = Debug|Any CPU
		Release|Any CPU = Release|Any CPU
	EndGlobalSection
	GlobalSection(ProjectConfigurationPlatforms) = postSolution
		{4BF4FCE9-8C08-41D8-BE51-9F03F107D834}.Debug|Any CPU.ActiveCfg = Debug|Any CPU
		{4BF4FCE9-8C08-41D8-BE51-9F03F107D834}.Debug|Any CPU.Build.0 = Debug|Any CPU
		{4BF4FCE9-8C08-41D8-BE51-9F03F107D834}.Release|Any CPU.ActiveCfg = Release|Any CPU
		{4BF4FCE9-8C08-41D8-BE51-9F03F107D834}.Release|Any CPU.Build.0 = Release|Any CPU
		{F77BF836-7630-4DC4-9AEB-41C37A3E4ED8}.Debug|Any CPU.ActiveCfg = Debug|Any CPU
		{F77BF836-7630-4DC4-9AEB-41C37A3E4ED8}.Debug|Any CPU.Build.0 = Debug|Any CPU
		{F77BF836-7630-4DC4-9AEB-41C37A3E4ED8}.Release|Any CPU.ActiveCfg = Release|Any CPU
		{F77BF836-7630-4DC4-9AEB-41C37A3E4ED8}.Release|Any CPU.Build.0 = Release|Any CPU
	EndGlobalSection
	GlobalSection(SolutionProperties) = preSolution
		HideSolutionNode = FALSE
	EndGlobalSection
	GlobalSection(ExtensibilityGlobals) = postSolution
		SolutionGuid = {2D899B71-2AD8-44B9-95EB-DD7A9B1DB721}
	EndGlobalSection
EndGlobal
