
Microsoft Visual Studio Solution File, Format Version 12.00
# Visual Studio Version 17
VisualStudioVersion = 17.0.32014.148
MinimumVisualStudioVersion = 10.0.40219.1
Project("{2150E333-8FDC-42A3-9474-1A3956D46DE8}") = "Доки", "Доки", "{988B877B-E204-4916-81F8-ECB72343C556}"
	ProjectSection(SolutionItems) = preProject
		Доки\Иманкулов Отчёт ЛБ5.docx = Доки\Иманкулов Отчёт ЛБ5.docx
	EndProjectSection
EndProject
Global
	GlobalSection(SolutionProperties) = preSolution
		HideSolutionNode = FALSE
	EndGlobalSection
	GlobalSection(ExtensibilityGlobals) = postSolution
		SolutionGuid = {2D899B71-2AD8-44B9-95EB-DD7A9B1DB721}
	EndGlobalSection
EndGlobal
